// !$*UTF8*$!
{
	archiveVersion = 1;
	classes = {
	};
	objectVersion = 50;
	objects = {

/* Begin PBXBuildFile section */
		3D2671F6234E4B0C00CCCB8A /* AppDelegate.swift in Sources */ = {isa = PBXBuildFile; fileRef = 3D2671F5234E4B0C00CCCB8A /* AppDelegate.swift */; };
		3D2671F8234E4B0C00CCCB8A /* ViewController.swift in Sources */ = {isa = PBXBuildFile; fileRef = 3D2671F7234E4B0C00CCCB8A /* ViewController.swift */; };
		3D2671FB234E4B0C00CCCB8A /* Main.storyboard in Resources */ = {isa = PBXBuildFile; fileRef = 3D2671F9234E4B0C00CCCB8A /* Main.storyboard */; };
		3D2671FD234E4B0D00CCCB8A /* Assets.xcassets in Resources */ = {isa = PBXBuildFile; fileRef = 3D2671FC234E4B0D00CCCB8A /* Assets.xcassets */; };
		3D267200234E4B0D00CCCB8A /* LaunchScreen.storyboard in Resources */ = {isa = PBXBuildFile; fileRef = 3D2671FE234E4B0D00CCCB8A /* LaunchScreen.storyboard */; };
		3D26720B234E4B0D00CCCB8A /* CalculatorTests.swift in Sources */ = {isa = PBXBuildFile; fileRef = 3D26720A234E4B0D00CCCB8A /* CalculatorTests.swift */; };
		3D267216234E4B0D00CCCB8A /* CalculatorUITests.swift in Sources */ = {isa = PBXBuildFile; fileRef = 3D267215234E4B0D00CCCB8A /* CalculatorUITests.swift */; };
/* End PBXBuildFile section */

/* Begin PBXContainerItemProxy section */
		3D267207234E4B0D00CCCB8A /* PBXContainerItemProxy */ = {
			isa = PBXContainerItemProxy;
			containerPortal = 3D2671EA234E4B0C00CCCB8A /* Project object */;
			proxyType = 1;
			remoteGlobalIDString = 3D2671F1234E4B0C00CCCB8A;
			remoteInfo = Calculator;
		};
		3D267212234E4B0D00CCCB8A /* PBXContainerItemProxy */ = {
			isa = PBXContainerItemProxy;
			containerPortal = 3D2671EA234E4B0C00CCCB8A /* Project object */;
			proxyType = 1;
			remoteGlobalIDString = 3D2671F1234E4B0C00CCCB8A;
			remoteInfo = Calculator;
		};
/* End PBXContainerItemProxy section */

/* Begin PBXFileReference section */
		3D2671F2234E4B0C00CCCB8A /* Calculator.app */ = {isa = PBXFileReference; explicitFileType = wrapper.application; includeInIndex = 0; path = Calculator.app; sourceTree = BUILT_PRODUCTS_DIR; };
		3D2671F5234E4B0C00CCCB8A /* AppDelegate.swift */ = {isa = PBXFileReference; lastKnownFileType = sourcecode.swift; path = AppDelegate.swift; sourceTree = "<group>"; };
		3D2671F7234E4B0C00CCCB8A /* ViewController.swift */ = {isa = PBXFileReference; lastKnownFileType = sourcecode.swift; path = ViewController.swift; sourceTree = "<group>"; };
		3D2671FA234E4B0C00CCCB8A /* Base */ = {isa = PBXFileReference; lastKnownFileType = file.storyboard; name = Base; path = Base.lproj/Main.storyboard; sourceTree = "<group>"; };
		3D2671FC234E4B0D00CCCB8A /* Assets.xcassets */ = {isa = PBXFileReference; lastKnownFileType = folder.assetcatalog; path = Assets.xcassets; sourceTree = "<group>"; };
		3D2671FF234E4B0D00CCCB8A /* Base */ = {isa = PBXFileReference; lastKnownFileType = file.storyboard; name = Base; path = Base.lproj/LaunchScreen.storyboard; sourceTree = "<group>"; };
		3D267201234E4B0D00CCCB8A /* Info.plist */ = {isa = PBXFileReference; lastKnownFileType = text.plist.xml; path = Info.plist; sourceTree = "<group>"; };
		3D267206234E4B0D00CCCB8A /* CalculatorTests.xctest */ = {isa = PBXFileReference; explicitFileType = wrapper.cfbundle; includeInIndex = 0; path = CalculatorTests.xctest; sourceTree = BUILT_PRODUCTS_DIR; };
		3D26720A234E4B0D00CCCB8A /* CalculatorTests.swift */ = {isa = PBXFileReference; lastKnownFileType = sourcecode.swift; path = CalculatorTests.swift; sourceTree = "<group>"; };
		3D26720C234E4B0D00CCCB8A /* Info.plist */ = {isa = PBXFileReference; lastKnownFileType = text.plist.xml; path = Info.plist; sourceTree = "<group>"; };
		3D267211234E4B0D00CCCB8A /* CalculatorUITests.xctest */ = {isa = PBXFileReference; explicitFileType = wrapper.cfbundle; includeInIndex = 0; path = CalculatorUITests.xctest; sourceTree = BUILT_PRODUCTS_DIR; };
		3D267215234E4B0D00CCCB8A /* CalculatorUITests.swift */ = {isa = PBXFileReference; lastKnownFileType = sourcecode.swift; path = CalculatorUITests.swift; sourceTree = "<group>"; };
		3D267217234E4B0D00CCCB8A /* Info.plist */ = {isa = PBXFileReference; lastKnownFileType = text.plist.xml; path = Info.plist; sourceTree = "<group>"; };
/* End PBXFileReference section */

/* Begin PBXFrameworksBuildPhase section */
		3D2671EF234E4B0C00CCCB8A /* Frameworks */ = {
			isa = PBXFrameworksBuildPhase;
			buildActionMask = 2147483647;
			files = (
			);
			runOnlyForDeploymentPostprocessing = 0;
		};
		3D267203234E4B0D00CCCB8A /* Frameworks */ = {
			isa = PBXFrameworksBuildPhase;
			buildActionMask = 2147483647;
			files = (
			);
			runOnlyForDeploymentPostprocessing = 0;
		};
		3D26720E234E4B0D00CCCB8A /* Frameworks */ = {
			isa = PBXFrameworksBuildPhase;
			buildActionMask = 2147483647;
			files = (
			);
			runOnlyForDeploymentPostprocessing = 0;
		};
/* End PBXFrameworksBuildPhase section */

/* Begin PBXGroup section */
		3D2671E9234E4B0C00CCCB8A = {
			isa = PBXGroup;
			children = (
				3D2671F4234E4B0C00CCCB8A /* Calculator */,
				3D267209234E4B0D00CCCB8A /* CalculatorTests */,
				3D267214234E4B0D00CCCB8A /* CalculatorUITests */,
				3D2671F3234E4B0C00CCCB8A /* Products */,
			);
			sourceTree = "<group>";
		};
		3D2671F3234E4B0C00CCCB8A /* Products */ = {
			isa = PBXGroup;
			children = (
				3D2671F2234E4B0C00CCCB8A /* Calculator.app */,
				3D267206234E4B0D00CCCB8A /* CalculatorTests.xctest */,
				3D267211234E4B0D00CCCB8A /* CalculatorUITests.xctest */,
			);
			name = Products;
			sourceTree = "<group>";
		};
		3D2671F4234E4B0C00CCCB8A /* Calculator */ = {
			isa = PBXGroup;
			children = (
				3D2671F5234E4B0C00CCCB8A /* AppDelegate.swift */,
				3D2671F7234E4B0C00CCCB8A /* ViewController.swift */,
				3D2671F9234E4B0C00CCCB8A /* Main.storyboard */,
				3D2671FC234E4B0D00CCCB8A /* Assets.xcassets */,
				3D2671FE234E4B0D00CCCB8A /* LaunchScreen.storyboard */,
				3D267201234E4B0D00CCCB8A /* Info.plist */,
			);
			path = Calculator;
			sourceTree = "<group>";
		};
		3D267209234E4B0D00CCCB8A /* CalculatorTests */ = {
			isa = PBXGroup;
			children = (
				3D26720A234E4B0D00CCCB8A /* CalculatorTests.swift */,
				3D26720C234E4B0D00CCCB8A /* Info.plist */,
			);
			path = CalculatorTests;
			sourceTree = "<group>";
		};
		3D267214234E4B0D00CCCB8A /* CalculatorUITests */ = {
			isa = PBXGroup;
			children = (
				3D267215234E4B0D00CCCB8A /* CalculatorUITests.swift */,
				3D267217234E4B0D00CCCB8A /* Info.plist */,
			);
			path = CalculatorUITests;
			sourceTree = "<group>";
		};
/* End PBXGroup section */

/* Begin PBXNativeTarget section */
		3D2671F1234E4B0C00CCCB8A /* Calculator */ = {
			isa = PBXNativeTarget;
			buildConfigurationList = 3D26721A234E4B0D00CCCB8A /* Build configuration list for PBXNativeTarget "Calculator" */;
			buildPhases = (
				3D2671EE234E4B0C00CCCB8A /* Sources */,
				3D2671EF234E4B0C00CCCB8A /* Frameworks */,
				3D2671F0234E4B0C00CCCB8A /* Resources */,
			);
			buildRules = (
			);
			dependencies = (
			);
			name = Calculator;
			productName = Calculator;
			productReference = 3D2671F2234E4B0C00CCCB8A /* Calculator.app */;
			productType = "com.apple.product-type.application";
		};
		3D267205234E4B0D00CCCB8A /* CalculatorTests */ = {
			isa = PBXNativeTarget;
			buildConfigurationList = 3D26721D234E4B0D00CCCB8A /* Build configuration list for PBXNativeTarget "CalculatorTests" */;
			buildPhases = (
				3D267202234E4B0D00CCCB8A /* Sources */,
				3D267203234E4B0D00CCCB8A /* Frameworks */,
				3D267204234E4B0D00CCCB8A /* Resources */,
			);
			buildRules = (
			);
			dependencies = (
				3D267208234E4B0D00CCCB8A /* PBXTargetDependency */,
			);
			name = CalculatorTests;
			productName = CalculatorTests;
			productReference = 3D267206234E4B0D00CCCB8A /* CalculatorTests.xctest */;
			productType = "com.apple.product-type.bundle.unit-test";
		};
		3D267210234E4B0D00CCCB8A /* CalculatorUITests */ = {
			isa = PBXNativeTarget;
			buildConfigurationList = 3D267220234E4B0D00CCCB8A /* Build configuration list for PBXNativeTarget "CalculatorUITests" */;
			buildPhases = (
				3D26720D234E4B0D00CCCB8A /* Sources */,
				3D26720E234E4B0D00CCCB8A /* Frameworks */,
				3D26720F234E4B0D00CCCB8A /* Resources */,
			);
			buildRules = (
			);
			dependencies = (
				3D267213234E4B0D00CCCB8A /* PBXTargetDependency */,
			);
			name = CalculatorUITests;
			productName = CalculatorUITests;
			productReference = 3D267211234E4B0D00CCCB8A /* CalculatorUITests.xctest */;
			productType = "com.apple.product-type.bundle.ui-testing";
		};
/* End PBXNativeTarget section */

/* Begin PBXProject section */
		3D2671EA234E4B0C00CCCB8A /* Project object */ = {
			isa = PBXProject;
			attributes = {
				LastSwiftUpdateCheck = 1010;
				LastUpgradeCheck = 1010;
				ORGANIZATIONNAME = DevEducation;
				TargetAttributes = {
					3D2671F1234E4B0C00CCCB8A = {
						CreatedOnToolsVersion = 10.1;
					};
					3D267205234E4B0D00CCCB8A = {
						CreatedOnToolsVersion = 10.1;
						TestTargetID = 3D2671F1234E4B0C00CCCB8A;
					};
					3D267210234E4B0D00CCCB8A = {
						CreatedOnToolsVersion = 10.1;
						TestTargetID = 3D2671F1234E4B0C00CCCB8A;
					};
				};
			};
			buildConfigurationList = 3D2671ED234E4B0C00CCCB8A /* Build configuration list for PBXProject "Calculator" */;
			compatibilityVersion = "Xcode 9.3";
			developmentRegion = en;
			hasScannedForEncodings = 0;
			knownRegions = (
				en,
				Base,
			);
			mainGroup = 3D2671E9234E4B0C00CCCB8A;
			productRefGroup = 3D2671F3234E4B0C00CCCB8A /* Products */;
			projectDirPath = "";
			projectRoot = "";
			targets = (
				3D2671F1234E4B0C00CCCB8A /* Calculator */,
				3D267205234E4B0D00CCCB8A /* CalculatorTests */,
				3D267210234E4B0D00CCCB8A /* CalculatorUITests */,
			);
		};
/* End PBXProject section */

/* Begin PBXResourcesBuildPhase section */
		3D2671F0234E4B0C00CCCB8A /* Resources */ = {
			isa = PBXResourcesBuildPhase;
			buildActionMask = 2147483647;
			files = (
				3D267200234E4B0D00CCCB8A /* LaunchScreen.storyboard in Resources */,
				3D2671FD234E4B0D00CCCB8A /* Assets.xcassets in Resources */,
				3D2671FB234E4B0C00CCCB8A /* Main.storyboard in Resources */,
			);
			runOnlyForDeploymentPostprocessing = 0;
		};
		3D267204234E4B0D00CCCB8A /* Resources */ = {
			isa = PBXResourcesBuildPhase;
			buildActionMask = 2147483647;
			files = (
			);
			runOnlyForDeploymentPostprocessing = 0;
		};
		3D26720F234E4B0D00CCCB8A /* Resources */ = {
			isa = PBXResourcesBuildPhase;
			buildActionMask = 2147483647;
			files = (
			);
			runOnlyForDeploymentPostprocessing = 0;
		};
/* End PBXResourcesBuildPhase section */

/* Begin PBXSourcesBuildPhase section */
		3D2671EE234E4B0C00CCCB8A /* Sources */ = {
			isa = PBXSourcesBuildPhase;
			buildActionMask = 2147483647;
			files = (
				3D2671F8234E4B0C00CCCB8A /* ViewController.swift in Sources */,
				3D2671F6234E4B0C00CCCB8A /* AppDelegate.swift in Sources */,
			);
			runOnlyForDeploymentPostprocessing = 0;
		};
		3D267202234E4B0D00CCCB8A /* Sources */ = {
			isa = PBXSourcesBuildPhase;
			buildActionMask = 2147483647;
			files = (
				3D26720B234E4B0D00CCCB8A /* CalculatorTests.swift in Sources */,
			);
			runOnlyForDeploymentPostprocessing = 0;
		};
		3D26720D234E4B0D00CCCB8A /* Sources */ = {
			isa = PBXSourcesBuildPhase;
			buildActionMask = 2147483647;
			files = (
				3D267216234E4B0D00CCCB8A /* CalculatorUITests.swift in Sources */,
			);
			runOnlyForDeploymentPostprocessing = 0;
		};
/* End PBXSourcesBuildPhase section */

/* Begin PBXTargetDependency section */
		3D267208234E4B0D00CCCB8A /* PBXTargetDependency */ = {
			isa = PBXTargetDependency;
			target = 3D2671F1234E4B0C00CCCB8A /* Calculator */;
			targetProxy = 3D267207234E4B0D00CCCB8A /* PBXContainerItemProxy */;
		};
		3D267213234E4B0D00CCCB8A /* PBXTargetDependency */ = {
			isa = PBXTargetDependency;
			target = 3D2671F1234E4B0C00CCCB8A /* Calculator */;
			targetProxy = 3D267212234E4B0D00CCCB8A /* PBXContainerItemProxy */;
		};
/* End PBXTargetDependency section */

/* Begin PBXVariantGroup section */
		3D2671F9234E4B0C00CCCB8A /* Main.storyboard */ = {
			isa = PBXVariantGroup;
			children = (
				3D2671FA234E4B0C00CCCB8A /* Base */,
			);
			name = Main.storyboard;
			sourceTree = "<group>";
		};
		3D2671FE234E4B0D00CCCB8A /* LaunchScreen.storyboard */ = {
			isa = PBXVariantGroup;
			children = (
				3D2671FF234E4B0D00CCCB8A /* Base */,
			);
			name = LaunchScreen.storyboard;
			sourceTree = "<group>";
		};
/* End PBXVariantGroup section */

/* Begin XCBuildConfiguration section */
		3D267218234E4B0D00CCCB8A /* Debug */ = {
			isa = XCBuildConfiguration;
			buildSettings = {
				ALWAYS_SEARCH_USER_PATHS = NO;
				CLANG_ANALYZER_NONNULL = YES;
				CLANG_ANALYZER_NUMBER_OBJECT_CONVERSION = YES_AGGRESSIVE;
				CLANG_CXX_LANGUAGE_STANDARD = "gnu++14";
				CLANG_CXX_LIBRARY = "libc++";
				CLANG_ENABLE_MODULES = YES;
				CLANG_ENABLE_OBJC_ARC = YES;
				CLANG_ENABLE_OBJC_WEAK = YES;
				CLANG_WARN_BLOCK_CAPTURE_AUTORELEASING = YES;
				CLANG_WARN_BOOL_CONVERSION = YES;
				CLANG_WARN_COMMA = YES;
				CLANG_WARN_CONSTANT_CONVERSION = YES;
				CLANG_WARN_DEPRECATED_OBJC_IMPLEMENTATIONS = YES;
				CLANG_WARN_DIRECT_OBJC_ISA_USAGE = YES_ERROR;
				CLANG_WARN_DOCUMENTATION_COMMENTS = YES;
				CLANG_WARN_EMPTY_BODY = YES;
				CLANG_WARN_ENUM_CONVERSION = YES;
				CLANG_WARN_INFINITE_RECURSION = YES;
				CLANG_WARN_INT_CONVERSION = YES;
				CLANG_WARN_NON_LITERAL_NULL_CONVERSION = YES;
				CLANG_WARN_OBJC_IMPLICIT_RETAIN_SELF = YES;
				CLANG_WARN_OBJC_LITERAL_CONVERSION = YES;
				CLANG_WARN_OBJC_ROOT_CLASS = YES_ERROR;
				CLANG_WARN_RANGE_LOOP_ANALYSIS = YES;
				CLANG_WARN_STRICT_PROTOTYPES = YES;
				CLANG_WARN_SUSPICIOUS_MOVE = YES;
				CLANG_WARN_UNGUARDED_AVAILABILITY = YES_AGGRESSIVE;
				CLANG_WARN_UNREACHABLE_CODE = YES;
				CLANG_WARN__DUPLICATE_METHOD_MATCH = YES;
				CODE_SIGN_IDENTITY = "iPhone Developer";
				COPY_PHASE_STRIP = NO;
				DEBUG_INFORMATION_FORMAT = dwarf;
				ENABLE_STRICT_OBJC_MSGSEND = YES;
				ENABLE_TESTABILITY = YES;
				GCC_C_LANGUAGE_STANDARD = gnu11;
				GCC_DYNAMIC_NO_PIC = NO;
				GCC_NO_COMMON_BLOCKS = YES;
				GCC_OPTIMIZATION_LEVEL = 0;
				GCC_PREPROCESSOR_DEFINITIONS = (
					"DEBUG=1",
					"$(inherited)",
				);
				GCC_WARN_64_TO_32_BIT_CONVERSION = YES;
				GCC_WARN_ABOUT_RETURN_TYPE = YES_ERROR;
				GCC_WARN_UNDECLARED_SELECTOR = YES;
				GCC_WARN_UNINITIALIZED_AUTOS = YES_AGGRESSIVE;
				GCC_WARN_UNUSED_FUNCTION = YES;
				GCC_WARN_UNUSED_VARIABLE = YES;
				IPHONEOS_DEPLOYMENT_TARGET = 12.1;
				MTL_ENABLE_DEBUG_INFO = INCLUDE_SOURCE;
				MTL_FAST_MATH = YES;
				ONLY_ACTIVE_ARCH = YES;
				SDKROOT = iphoneos;
				SWIFT_ACTIVE_COMPILATION_CONDITIONS = DEBUG;
				SWIFT_OPTIMIZATION_LEVEL = "-Onone";
			};
			name = Debug;
		};
		3D267219234E4B0D00CCCB8A /* Release */ = {
			isa = XCBuildConfiguration;
			buildSettings = {
				ALWAYS_SEARCH_USER_PATHS = NO;
				CLANG_ANALYZER_NONNULL = YES;
				CLANG_ANALYZER_NUMBER_OBJECT_CONVERSION = YES_AGGRESSIVE;
				CLANG_CXX_LANGUAGE_STANDARD = "gnu++14";
				CLANG_CXX_LIBRARY = "libc++";
				CLANG_ENABLE_MODULES = YES;
				CLANG_ENABLE_OBJC_ARC = YES;
				CLANG_ENABLE_OBJC_WEAK = YES;
				CLANG_WARN_BLOCK_CAPTURE_AUTORELEASING = YES;
				CLANG_WARN_BOOL_CONVERSION = YES;
				CLANG_WARN_COMMA = YES;
				CLANG_WARN_CONSTANT_CONVERSION = YES;
				CLANG_WARN_DEPRECATED_OBJC_IMPLEMENTATIONS = YES;
				CLANG_WARN_DIRECT_OBJC_ISA_USAGE = YES_ERROR;
				CLANG_WARN_DOCUMENTATION_COMMENTS = YES;
				CLANG_WARN_EMPTY_BODY = YES;
				CLANG_WARN_ENUM_CONVERSION = YES;
				CLANG_WARN_INFINITE_RECURSION = YES;
				CLANG_WARN_INT_CONVERSION = YES;
				CLANG_WARN_NON_LITERAL_NULL_CONVERSION = YES;
				CLANG_WARN_OBJC_IMPLICIT_RETAIN_SELF = YES;
				CLANG_WARN_OBJC_LITERAL_CONVERSION = YES;
				CLANG_WARN_OBJC_ROOT_CLASS = YES_ERROR;
				CLANG_WARN_RANGE_LOOP_ANALYSIS = YES;
				CLANG_WARN_STRICT_PROTOTYPES = YES;
				CLANG_WARN_SUSPICIOUS_MOVE = YES;
				CLANG_WARN_UNGUARDED_AVAILABILITY = YES_AGGRESSIVE;
				CLANG_WARN_UNREACHABLE_CODE = YES;
				CLANG_WARN__DUPLICATE_METHOD_MATCH = YES;
				CODE_SIGN_IDENTITY = "iPhone Developer";
				COPY_PHASE_STRIP = NO;
				DEBUG_INFORMATION_FORMAT = "dwarf-with-dsym";
				ENABLE_NS_ASSERTIONS = NO;
				ENABLE_STRICT_OBJC_MSGSEND = YES;
				GCC_C_LANGUAGE_STANDARD = gnu11;
				GCC_NO_COMMON_BLOCKS = YES;
				GCC_WARN_64_TO_32_BIT_CONVERSION = YES;
				GCC_WARN_ABOUT_RETURN_TYPE = YES_ERROR;
				GCC_WARN_UNDECLARED_SELECTOR = YES;
				GCC_WARN_UNINITIALIZED_AUTOS = YES_AGGRESSIVE;
				GCC_WARN_UNUSED_FUNCTION = YES;
				GCC_WARN_UNUSED_VARIABLE = YES;
				IPHONEOS_DEPLOYMENT_TARGET = 12.1;
				MTL_ENABLE_DEBUG_INFO = NO;
				MTL_FAST_MATH = YES;
				SDKROOT = iphoneos;
				SWIFT_COMPILATION_MODE = wholemodule;
				SWIFT_OPTIMIZATION_LEVEL = "-O";
				VALIDATE_PRODUCT = YES;
			};
			name = Release;
		};
		3D26721B234E4B0D00CCCB8A /* Debug */ = {
			isa = XCBuildConfiguration;
			buildSettings = {
				ASSETCATALOG_COMPILER_APPICON_NAME = AppIcon;
				CODE_SIGN_IDENTITY = "iPhone Developer";
				CODE_SIGN_STYLE = Automatic;
				DEVELOPMENT_TEAM = "";
				INFOPLIST_FILE = Calculator/Info.plist;
				LD_RUNPATH_SEARCH_PATHS = (
					"$(inherited)",
					"@executable_path/Frameworks",
				);
				PRODUCT_BUNDLE_IDENTIFIER = com.calc.emin.zeynalov.Calculator;
				PRODUCT_NAME = "$(TARGET_NAME)";
				PROVISIONING_PROFILE_SPECIFIER = "";
				SWIFT_VERSION = 4.2;
				TARGETED_DEVICE_FAMILY = "1,2";
			};
			name = Debug;
		};
		3D26721C234E4B0D00CCCB8A /* Release */ = {
			isa = XCBuildConfiguration;
			buildSettings = {
				ASSETCATALOG_COMPILER_APPICON_NAME = AppIcon;
				CODE_SIGN_IDENTITY = "iPhone Developer";
				CODE_SIGN_STYLE = Automatic;
				DEVELOPMENT_TEAM = "";
				INFOPLIST_FILE = Calculator/Info.plist;
				LD_RUNPATH_SEARCH_PATHS = (
					"$(inherited)",
					"@executable_path/Frameworks",
				);
				PRODUCT_BUNDLE_IDENTIFIER = com.calc.emin.zeynalov.Calculator;
				PRODUCT_NAME = "$(TARGET_NAME)";
				PROVISIONING_PROFILE_SPECIFIER = "";
				SWIFT_VERSION = 4.2;
				TARGETED_DEVICE_FAMILY = "1,2";
			};
			name = Release;
		};
		3D26721E234E4B0D00CCCB8A /* Debug */ = {
			isa = XCBuildConfiguration;
			buildSettings = {
				ALWAYS_EMBED_SWIFT_STANDARD_LIBRARIES = YES;
				BUNDLE_LOADER = "$(TEST_HOST)";
				CODE_SIGN_STYLE = Automatic;
				INFOPLIST_FILE = CalculatorTests/Info.plist;
				LD_RUNPATH_SEARCH_PATHS = (
					"$(inherited)",
					"@executable_path/Frameworks",
					"@loader_path/Frameworks",
				);
				PRODUCT_BUNDLE_IDENTIFIER = com.calc.emin.zeynalov.CalculatorTests;
				PRODUCT_NAME = "$(TARGET_NAME)";
				SWIFT_VERSION = 4.2;
				TARGETED_DEVICE_FAMILY = "1,2";
				TEST_HOST = "$(BUILT_PRODUCTS_DIR)/Calculator.app/Calculator";
			};
			name = Debug;
		};
		3D26721F234E4B0D00CCCB8A /* Release */ = {
			isa = XCBuildConfiguration;
			buildSettings = {
				ALWAYS_EMBED_SWIFT_STANDARD_LIBRARIES = YES;
				BUNDLE_LOADER = "$(TEST_HOST)";
				CODE_SIGN_STYLE = Automatic;
				INFOPLIST_FILE = CalculatorTests/Info.plist;
				LD_RUNPATH_SEARCH_PATHS = (
					"$(inherited)",
					"@executable_path/Frameworks",
					"@loader_path/Frameworks",
				);
				PRODUCT_BUNDLE_IDENTIFIER = com.calc.emin.zeynalov.CalculatorTests;
				PRODUCT_NAME = "$(TARGET_NAME)";
				SWIFT_VERSION = 4.2;
				TARGETED_DEVICE_FAMILY = "1,2";
				TEST_HOST = "$(BUILT_PRODUCTS_DIR)/Calculator.app/Calculator";
			};
			name = Release;
		};
		3D267221234E4B0D00CCCB8A /* Debug */ = {
			isa = XCBuildConfiguration;
			buildSettings = {
				ALWAYS_EMBED_SWIFT_STANDARD_LIBRARIES = YES;
				CODE_SIGN_STYLE = Automatic;
				INFOPLIST_FILE = CalculatorUITests/Info.plist;
				LD_RUNPATH_SEARCH_PATHS = (
					"$(inherited)",
					"@executable_path/Frameworks",
					"@loader_path/Frameworks",
				);
				PRODUCT_BUNDLE_IDENTIFIER = com.calc.emin.zeynalov.CalculatorUITests;
				PRODUCT_NAME = "$(TARGET_NAME)";
				SWIFT_VERSION = 4.2;
				TARGETED_DEVICE_FAMILY = "1,2";
				TEST_TARGET_NAME = Calculator;
			};
			name = Debug;
		};
		3D267222234E4B0D00CCCB8A /* Release */ = {
			isa = XCBuildConfiguration;
			buildSettings = {
				ALWAYS_EMBED_SWIFT_STANDARD_LIBRARIES = YES;
				CODE_SIGN_STYLE = Automatic;
				INFOPLIST_FILE = CalculatorUITests/Info.plist;
				LD_RUNPATH_SEARCH_PATHS = (
					"$(inherited)",
					"@executable_path/Frameworks",
					"@loader_path/Frameworks",
				);
				PRODUCT_BUNDLE_IDENTIFIER = com.calc.emin.zeynalov.CalculatorUITests;
				PRODUCT_NAME = "$(TARGET_NAME)";
				SWIFT_VERSION = 4.2;
				TARGETED_DEVICE_FAMILY = "1,2";
				TEST_TARGET_NAME = Calculator;
			};
			name = Release;
		};
/* End XCBuildConfiguration section */

/* Begin XCConfigurationList section */
		3D2671ED234E4B0C00CCCB8A /* Build configuration list for PBXProject "Calculator" */ = {
			isa = XCConfigurationList;
			buildConfigurations = (
				3D267218234E4B0D00CCCB8A /* Debug */,
				3D267219234E4B0D00CCCB8A /* Release */,
			);
			defaultConfigurationIsVisible = 0;
			defaultConfigurationName = Release;
		};
		3D26721A234E4B0D00CCCB8A /* Build configuration list for PBXNativeTarget "Calculator" */ = {
			isa = XCConfigurationList;
			buildConfigurations = (
				3D26721B234E4B0D00CCCB8A /* Debug */,
				3D26721C234E4B0D00CCCB8A /* Release */,
			);
			defaultConfigurationIsVisible = 0;
			defaultConfigurationName = Release;
		};
		3D26721D234E4B0D00CCCB8A /* Build configuration list for PBXNativeTarget "CalculatorTests" */ = {
			isa = XCConfigurationList;
			buildConfigurations = (
				3D26721E234E4B0D00CCCB8A /* Debug */,
				3D26721F234E4B0D00CCCB8A /* Release */,
			);
			defaultConfigurationIsVisible = 0;
			defaultConfigurationName = Release;
		};
		3D267220234E4B0D00CCCB8A /* Build configuration list for PBXNativeTarget "CalculatorUITests" */ = {
			isa = XCConfigurationList;
			buildConfigurations = (
				3D267221234E4B0D00CCCB8A /* Debug */,
				3D267222234E4B0D00CCCB8A /* Release */,
			);
			defaultConfigurationIsVisible = 0;
			defaultConfigurationName = Release;
		};
/* End XCConfigurationList section */
	};
	rootObject = 3D2671EA234E4B0C00CCCB8A /* Project object */;
}
